
Microsoft Visual Studio Solution File, Format Version 12.00
# Visual Studio Version 17
VisualStudioVersion = 17.7.34031.279
MinimumVisualStudioVersion = 10.0.40219.1
Project("{9A19103F-16F7-4668-BE54-9A1E7A4F7556}") = "PI4 website", "PI4 website\PI4 website.csproj", "{E75CA667-C795-4F1F-A044-F82AD5F71100}"
EndProject
Global
	GlobalSection(SolutionConfigurationPlatforms) = preSolution
		Debug|Any CPU = Debug|Any CPU
		Release|Any CPU = Release|Any CPU
	EndGlobalSection
	GlobalSection(ProjectConfigurationPlatforms) = postSolution
		{E75CA667-C795-4F1F-A044-F82AD5F71100}.Debug|Any CPU.ActiveCfg = Debug|Any CPU
		{E75CA667-C795-4F1F-A044-F82AD5F71100}.Debug|Any CPU.Build.0 = Debug|Any CPU
		{E75CA667-C795-4F1F-A044-F82AD5F71100}.Release|Any CPU.ActiveCfg = Release|Any CPU
		{E75CA667-C795-4F1F-A044-F82AD5F71100}.Release|Any CPU.Build.0 = Release|Any CPU
	EndGlobalSection
	GlobalSection(SolutionProperties) = preSolution
		HideSolutionNode = FALSE
	EndGlobalSection
	GlobalSection(ExtensibilityGlobals) = postSolution
		SolutionGuid = {99C54D0B-3FF6-483A-80D2-0EC8CF717DB6}
	EndGlobalSection
EndGlobal
